
Microsoft Visual Studio Solution File, Format Version 12.00
# Visual Studio Version 17
VisualStudioVersion = 17.0.31919.166
MinimumVisualStudioVersion = 10.0.40219.1
Project("{FAE04EC0-301F-11D3-BF4B-00C04F79EFBC}") = "jogo da forca", "jogo da forca\jogo da forca.csproj", "{2E343F5C-516E-484D-AA19-3B4300ECED39}"
EndProject
Global
	GlobalSection(SolutionConfigurationPlatforms) = preSolution
		Debug|Any CPU = Debug|Any CPU
		Release|Any CPU = Release|Any CPU
	EndGlobalSection
	GlobalSection(ProjectConfigurationPlatforms) = postSolution
		{2E343F5C-516E-484D-AA19-3B4300ECED39}.Debug|Any CPU.ActiveCfg = Debug|Any CPU
		{2E343F5C-516E-484D-AA19-3B4300ECED39}.Debug|Any CPU.Build.0 = Debug|Any CPU
		{2E343F5C-516E-484D-AA19-3B4300ECED39}.Release|Any CPU.ActiveCfg = Release|Any CPU
		{2E343F5C-516E-484D-AA19-3B4300ECED39}.Release|Any CPU.Build.0 = Release|Any CPU
	EndGlobalSection
	GlobalSection(SolutionProperties) = preSolution
		HideSolutionNode = FALSE
	EndGlobalSection
	GlobalSection(ExtensibilityGlobals) = postSolution
		SolutionGuid = {53045E33-9EDF-48EA-B2B1-5A664E1DE9C7}
	EndGlobalSection
EndGlobal
